// !$*UTF8*$!
{
	archiveVersion = 1;
	classes = {
	};
	objectVersion = 51;
	objects = {

/* Begin PBXBuildFile section */
		2775132526DF91BD00C839AF /* UIView + AutoLayout.swift in Sources */ = {isa = PBXBuildFile; fileRef = 2775132426DF91BD00C839AF /* UIView + AutoLayout.swift */; };
		2775132726DF92AF00C839AF /* CityTableViewCell.swift in Sources */ = {isa = PBXBuildFile; fileRef = 2775132626DF92AF00C839AF /* CityTableViewCell.swift */; };
		2775132A26DF95FC00C839AF /* NetworkService.swift in Sources */ = {isa = PBXBuildFile; fileRef = 2775132926DF95FC00C839AF /* NetworkService.swift */; };
		2775132C26DF9A0500C839AF /* CityWeather.swift in Sources */ = {isa = PBXBuildFile; fileRef = 2775132B26DF9A0500C839AF /* CityWeather.swift */; };
		2775132E26E0D68D00C839AF /* DetailViewController.swift in Sources */ = {isa = PBXBuildFile; fileRef = 2775132D26E0D68D00C839AF /* DetailViewController.swift */; };
		27EE84DF26D6226B00FDCFA9 /* AppDelegate.swift in Sources */ = {isa = PBXBuildFile; fileRef = 27EE84DE26D6226B00FDCFA9 /* AppDelegate.swift */; };
		27EE84E126D6226B00FDCFA9 /* SceneDelegate.swift in Sources */ = {isa = PBXBuildFile; fileRef = 27EE84E026D6226B00FDCFA9 /* SceneDelegate.swift */; };
		27EE84E626D6226B00FDCFA9 /* Main.storyboard in Resources */ = {isa = PBXBuildFile; fileRef = 27EE84E426D6226B00FDCFA9 /* Main.storyboard */; };
		27EE84E826D6226C00FDCFA9 /* Assets.xcassets in Resources */ = {isa = PBXBuildFile; fileRef = 27EE84E726D6226C00FDCFA9 /* Assets.xcassets */; };
		27EE84EB26D6226C00FDCFA9 /* LaunchScreen.storyboard in Resources */ = {isa = PBXBuildFile; fileRef = 27EE84E926D6226C00FDCFA9 /* LaunchScreen.storyboard */; };
		27EE84F726D622C000FDCFA9 /* MainViewController.swift in Sources */ = {isa = PBXBuildFile; fileRef = 27EE84F626D622C000FDCFA9 /* MainViewController.swift */; };
		799A85778A2962E8E611A994 /* Pods_TestProject_WeatherApp.framework in Frameworks */ = {isa = PBXBuildFile; fileRef = 4BC6AF2AC5B1F7C019681746 /* Pods_TestProject_WeatherApp.framework */; };
/* End PBXBuildFile section */

/* Begin PBXFileReference section */
		2775132426DF91BD00C839AF /* UIView + AutoLayout.swift */ = {isa = PBXFileReference; lastKnownFileType = sourcecode.swift; path = "UIView + AutoLayout.swift"; sourceTree = "<group>"; };
		2775132626DF92AF00C839AF /* CityTableViewCell.swift */ = {isa = PBXFileReference; lastKnownFileType = sourcecode.swift; path = CityTableViewCell.swift; sourceTree = "<group>"; };
		2775132926DF95FC00C839AF /* NetworkService.swift */ = {isa = PBXFileReference; lastKnownFileType = sourcecode.swift; path = NetworkService.swift; sourceTree = "<group>"; };
		2775132B26DF9A0500C839AF /* CityWeather.swift */ = {isa = PBXFileReference; lastKnownFileType = sourcecode.swift; path = CityWeather.swift; sourceTree = "<group>"; };
		2775132D26E0D68D00C839AF /* DetailViewController.swift */ = {isa = PBXFileReference; lastKnownFileType = sourcecode.swift; path = DetailViewController.swift; sourceTree = "<group>"; };
		27EE84DB26D6226B00FDCFA9 /* TestProject_WeatherApp.app */ = {isa = PBXFileReference; explicitFileType = wrapper.application; includeInIndex = 0; path = TestProject_WeatherApp.app; sourceTree = BUILT_PRODUCTS_DIR; };
		27EE84DE26D6226B00FDCFA9 /* AppDelegate.swift */ = {isa = PBXFileReference; lastKnownFileType = sourcecode.swift; path = AppDelegate.swift; sourceTree = "<group>"; };
		27EE84E026D6226B00FDCFA9 /* SceneDelegate.swift */ = {isa = PBXFileReference; lastKnownFileType = sourcecode.swift; path = SceneDelegate.swift; sourceTree = "<group>"; };
		27EE84E526D6226B00FDCFA9 /* Base */ = {isa = PBXFileReference; lastKnownFileType = file.storyboard; name = Base; path = Base.lproj/Main.storyboard; sourceTree = "<group>"; };
		27EE84E726D6226C00FDCFA9 /* Assets.xcassets */ = {isa = PBXFileReference; lastKnownFileType = folder.assetcatalog; path = Assets.xcassets; sourceTree = "<group>"; };
		27EE84EA26D6226C00FDCFA9 /* Base */ = {isa = PBXFileReference; lastKnownFileType = file.storyboard; name = Base; path = Base.lproj/LaunchScreen.storyboard; sourceTree = "<group>"; };
		27EE84EC26D6226C00FDCFA9 /* Info.plist */ = {isa = PBXFileReference; lastKnownFileType = text.plist.xml; path = Info.plist; sourceTree = "<group>"; };
		27EE84F626D622C000FDCFA9 /* MainViewController.swift */ = {isa = PBXFileReference; lastKnownFileType = sourcecode.swift; path = MainViewController.swift; sourceTree = "<group>"; };
		43A319C8EFE1FE444626FA9C /* Pods-TestProject_WeatherApp.debug.xcconfig */ = {isa = PBXFileReference; includeInIndex = 1; lastKnownFileType = text.xcconfig; name = "Pods-TestProject_WeatherApp.debug.xcconfig"; path = "Target Support Files/Pods-TestProject_WeatherApp/Pods-TestProject_WeatherApp.debug.xcconfig"; sourceTree = "<group>"; };
		4BC6AF2AC5B1F7C019681746 /* Pods_TestProject_WeatherApp.framework */ = {isa = PBXFileReference; explicitFileType = wrapper.framework; includeInIndex = 0; path = Pods_TestProject_WeatherApp.framework; sourceTree = BUILT_PRODUCTS_DIR; };
		57D82D01EA5CCD65C4024259 /* Pods-TestProject_WeatherApp.release.xcconfig */ = {isa = PBXFileReference; includeInIndex = 1; lastKnownFileType = text.xcconfig; name = "Pods-TestProject_WeatherApp.release.xcconfig"; path = "Target Support Files/Pods-TestProject_WeatherApp/Pods-TestProject_WeatherApp.release.xcconfig"; sourceTree = "<group>"; };
/* End PBXFileReference section */

/* Begin PBXFrameworksBuildPhase section */
		27EE84D826D6226B00FDCFA9 /* Frameworks */ = {
			isa = PBXFrameworksBuildPhase;
			buildActionMask = 2147483647;
			files = (
				799A85778A2962E8E611A994 /* Pods_TestProject_WeatherApp.framework in Frameworks */,
			);
			runOnlyForDeploymentPostprocessing = 0;
		};
/* End PBXFrameworksBuildPhase section */

/* Begin PBXGroup section */
		2775132826DF95EC00C839AF /* Network */ = {
			isa = PBXGroup;
			children = (
				2775132926DF95FC00C839AF /* NetworkService.swift */,
			);
			path = Network;
			sourceTree = "<group>";
		};
		27EE84D226D6226B00FDCFA9 = {
			isa = PBXGroup;
			children = (
				27EE84DD26D6226B00FDCFA9 /* TestProject_WeatherApp */,
				27EE84DC26D6226B00FDCFA9 /* Products */,
				8BE08FD530B9595AEFA267CB /* Pods */,
				50D5B3692C2E7B8A8F836D56 /* Frameworks */,
			);
			sourceTree = "<group>";
		};
		27EE84DC26D6226B00FDCFA9 /* Products */ = {
			isa = PBXGroup;
			children = (
				27EE84DB26D6226B00FDCFA9 /* TestProject_WeatherApp.app */,
			);
			name = Products;
			sourceTree = "<group>";
		};
		27EE84DD26D6226B00FDCFA9 /* TestProject_WeatherApp */ = {
			isa = PBXGroup;
			children = (
				2775132826DF95EC00C839AF /* Network */,
				27EE84F526D622A500FDCFA9 /* Helpers */,
				27EE84F426D622A000FDCFA9 /* Model */,
				27EE84F326D6229C00FDCFA9 /* View */,
				27EE84F226D6228E00FDCFA9 /* Controller */,
				27EE84DE26D6226B00FDCFA9 /* AppDelegate.swift */,
				27EE84E026D6226B00FDCFA9 /* SceneDelegate.swift */,
				27EE84E426D6226B00FDCFA9 /* Main.storyboard */,
				27EE84E726D6226C00FDCFA9 /* Assets.xcassets */,
				27EE84E926D6226C00FDCFA9 /* LaunchScreen.storyboard */,
				27EE84EC26D6226C00FDCFA9 /* Info.plist */,
			);
			path = TestProject_WeatherApp;
			sourceTree = "<group>";
		};
		27EE84F226D6228E00FDCFA9 /* Controller */ = {
			isa = PBXGroup;
			children = (
				27EE84F626D622C000FDCFA9 /* MainViewController.swift */,
				2775132D26E0D68D00C839AF /* DetailViewController.swift */,
			);
			path = Controller;
			sourceTree = "<group>";
		};
		27EE84F326D6229C00FDCFA9 /* View */ = {
			isa = PBXGroup;
			children = (
				2775132626DF92AF00C839AF /* CityTableViewCell.swift */,
			);
			path = View;
			sourceTree = "<group>";
		};
		27EE84F426D622A000FDCFA9 /* Model */ = {
			isa = PBXGroup;
			children = (
				2775132B26DF9A0500C839AF /* CityWeather.swift */,
			);
			path = Model;
			sourceTree = "<group>";
		};
		27EE84F526D622A500FDCFA9 /* Helpers */ = {
			isa = PBXGroup;
			children = (
				2775132426DF91BD00C839AF /* UIView + AutoLayout.swift */,
			);
			path = Helpers;
			sourceTree = "<group>";
		};
		50D5B3692C2E7B8A8F836D56 /* Frameworks */ = {
			isa = PBXGroup;
			children = (
				4BC6AF2AC5B1F7C019681746 /* Pods_TestProject_WeatherApp.framework */,
			);
			name = Frameworks;
			sourceTree = "<group>";
		};
		8BE08FD530B9595AEFA267CB /* Pods */ = {
			isa = PBXGroup;
			children = (
				43A319C8EFE1FE444626FA9C /* Pods-TestProject_WeatherApp.debug.xcconfig */,
				57D82D01EA5CCD65C4024259 /* Pods-TestProject_WeatherApp.release.xcconfig */,
			);
			path = Pods;
			sourceTree = "<group>";
		};
/* End PBXGroup section */

/* Begin PBXNativeTarget section */
		27EE84DA26D6226B00FDCFA9 /* TestProject_WeatherApp */ = {
			isa = PBXNativeTarget;
			buildConfigurationList = 27EE84EF26D6226C00FDCFA9 /* Build configuration list for PBXNativeTarget "TestProject_WeatherApp" */;
			buildPhases = (
				72CB2BC16243A24731A126C4 /* [CP] Check Pods Manifest.lock */,
				27EE84D726D6226B00FDCFA9 /* Sources */,
				27EE84D826D6226B00FDCFA9 /* Frameworks */,
				27EE84D926D6226B00FDCFA9 /* Resources */,
				2AF1AE252FA687DB0A566B84 /* [CP] Embed Pods Frameworks */,
			);
			buildRules = (
			);
			dependencies = (
			);
			name = TestProject_WeatherApp;
			productName = TestProject_WeatherApp;
			productReference = 27EE84DB26D6226B00FDCFA9 /* TestProject_WeatherApp.app */;
			productType = "com.apple.product-type.application";
		};
/* End PBXNativeTarget section */

/* Begin PBXProject section */
		27EE84D326D6226B00FDCFA9 /* Project object */ = {
			isa = PBXProject;
			attributes = {
				LastSwiftUpdateCheck = 1250;
				LastUpgradeCheck = 1250;
				TargetAttributes = {
					27EE84DA26D6226B00FDCFA9 = {
						CreatedOnToolsVersion = 12.5.1;
					};
				};
			};
			buildConfigurationList = 27EE84D626D6226B00FDCFA9 /* Build configuration list for PBXProject "TestProject_WeatherApp" */;
			compatibilityVersion = "Xcode 9.3";
			developmentRegion = en;
			hasScannedForEncodings = 0;
			knownRegions = (
				en,
				Base,
			);
			mainGroup = 27EE84D226D6226B00FDCFA9;
			productRefGroup = 27EE84DC26D6226B00FDCFA9 /* Products */;
			projectDirPath = "";
			projectRoot = "";
			targets = (
				27EE84DA26D6226B00FDCFA9 /* TestProject_WeatherApp */,
			);
		};
/* End PBXProject section */

/* Begin PBXResourcesBuildPhase section */
		27EE84D926D6226B00FDCFA9 /* Resources */ = {
			isa = PBXResourcesBuildPhase;
			buildActionMask = 2147483647;
			files = (
				27EE84EB26D6226C00FDCFA9 /* LaunchScreen.storyboard in Resources */,
				27EE84E826D6226C00FDCFA9 /* Assets.xcassets in Resources */,
				27EE84E626D6226B00FDCFA9 /* Main.storyboard in Resources */,
			);
			runOnlyForDeploymentPostprocessing = 0;
		};
/* End PBXResourcesBuildPhase section */

/* Begin PBXShellScriptBuildPhase section */
		2AF1AE252FA687DB0A566B84 /* [CP] Embed Pods Frameworks */ = {
			isa = PBXShellScriptBuildPhase;
			buildActionMask = 2147483647;
			files = (
			);
			inputFileListPaths = (
				"${PODS_ROOT}/Target Support Files/Pods-TestProject_WeatherApp/Pods-TestProject_WeatherApp-frameworks-${CONFIGURATION}-input-files.xcfilelist",
			);
			name = "[CP] Embed Pods Frameworks";
			outputFileListPaths = (
				"${PODS_ROOT}/Target Support Files/Pods-TestProject_WeatherApp/Pods-TestProject_WeatherApp-frameworks-${CONFIGURATION}-output-files.xcfilelist",
			);
			runOnlyForDeploymentPostprocessing = 0;
			shellPath = /bin/sh;
			shellScript = "\"${PODS_ROOT}/Target Support Files/Pods-TestProject_WeatherApp/Pods-TestProject_WeatherApp-frameworks.sh\"\n";
			showEnvVarsInLog = 0;
		};
		72CB2BC16243A24731A126C4 /* [CP] Check Pods Manifest.lock */ = {
			isa = PBXShellScriptBuildPhase;
			buildActionMask = 2147483647;
			files = (
			);
			inputFileListPaths = (
			);
			inputPaths = (
				"${PODS_PODFILE_DIR_PATH}/Podfile.lock",
				"${PODS_ROOT}/Manifest.lock",
			);
			name = "[CP] Check Pods Manifest.lock";
			outputFileListPaths = (
			);
			outputPaths = (
				"$(DERIVED_FILE_DIR)/Pods-TestProject_WeatherApp-checkManifestLockResult.txt",
			);
			runOnlyForDeploymentPostprocessing = 0;
			shellPath = /bin/sh;
			shellScript = "diff \"${PODS_PODFILE_DIR_PATH}/Podfile.lock\" \"${PODS_ROOT}/Manifest.lock\" > /dev/null\nif [ $? != 0 ] ; then\n    # print error to STDERR\n    echo \"error: The sandbox is not in sync with the Podfile.lock. Run 'pod install' or update your CocoaPods installation.\" >&2\n    exit 1\nfi\n# This output is used by Xcode 'outputs' to avoid re-running this script phase.\necho \"SUCCESS\" > \"${SCRIPT_OUTPUT_FILE_0}\"\n";
			showEnvVarsInLog = 0;
		};
/* End PBXShellScriptBuildPhase section */

/* Begin PBXSourcesBuildPhase section */
		27EE84D726D6226B00FDCFA9 /* Sources */ = {
			isa = PBXSourcesBuildPhase;
			buildActionMask = 2147483647;
			files = (
				27EE84F726D622C000FDCFA9 /* MainViewController.swift in Sources */,
				27EE84DF26D6226B00FDCFA9 /* AppDelegate.swift in Sources */,
				2775132C26DF9A0500C839AF /* CityWeather.swift in Sources */,
				2775132726DF92AF00C839AF /* CityTableViewCell.swift in Sources */,
				27EE84E126D6226B00FDCFA9 /* SceneDelegate.swift in Sources */,
				2775132A26DF95FC00C839AF /* NetworkService.swift in Sources */,
				2775132526DF91BD00C839AF /* UIView + AutoLayout.swift in Sources */,
				2775132E26E0D68D00C839AF /* DetailViewController.swift in Sources */,
			);
			runOnlyForDeploymentPostprocessing = 0;
		};
/* End PBXSourcesBuildPhase section */

/* Begin PBXVariantGroup section */
		27EE84E426D6226B00FDCFA9 /* Main.storyboard */ = {
			isa = PBXVariantGroup;
			children = (
				27EE84E526D6226B00FDCFA9 /* Base */,
			);
			name = Main.storyboard;
			sourceTree = "<group>";
		};
		27EE84E926D6226C00FDCFA9 /* LaunchScreen.storyboard */ = {
			isa = PBXVariantGroup;
			children = (
				27EE84EA26D6226C00FDCFA9 /* Base */,
			);
			name = LaunchScreen.storyboard;
			sourceTree = "<group>";
		};
/* End PBXVariantGroup section */

/* Begin XCBuildConfiguration section */
		27EE84ED26D6226C00FDCFA9 /* Debug */ = {
			isa = XCBuildConfiguration;
			buildSettings = {
				ALWAYS_SEARCH_USER_PATHS = NO;
				CLANG_ANALYZER_NONNULL = YES;
				CLANG_ANALYZER_NUMBER_OBJECT_CONVERSION = YES_AGGRESSIVE;
				CLANG_CXX_LANGUAGE_STANDARD = "gnu++14";
				CLANG_CXX_LIBRARY = "libc++";
				CLANG_ENABLE_MODULES = YES;
				CLANG_ENABLE_OBJC_ARC = YES;
				CLANG_ENABLE_OBJC_WEAK = YES;
				CLANG_WARN_BLOCK_CAPTURE_AUTORELEASING = YES;
				CLANG_WARN_BOOL_CONVERSION = YES;
				CLANG_WARN_COMMA = YES;
				CLANG_WARN_CONSTANT_CONVERSION = YES;
				CLANG_WARN_DEPRECATED_OBJC_IMPLEMENTATIONS = YES;
				CLANG_WARN_DIRECT_OBJC_ISA_USAGE = YES_ERROR;
				CLANG_WARN_DOCUMENTATION_COMMENTS = YES;
				CLANG_WARN_EMPTY_BODY = YES;
				CLANG_WARN_ENUM_CONVERSION = YES;
				CLANG_WARN_INFINITE_RECURSION = YES;
				CLANG_WARN_INT_CONVERSION = YES;
				CLANG_WARN_NON_LITERAL_NULL_CONVERSION = YES;
				CLANG_WARN_OBJC_IMPLICIT_RETAIN_SELF = YES;
				CLANG_WARN_OBJC_LITERAL_CONVERSION = YES;
				CLANG_WARN_OBJC_ROOT_CLASS = YES_ERROR;
				CLANG_WARN_QUOTED_INCLUDE_IN_FRAMEWORK_HEADER = YES;
				CLANG_WARN_RANGE_LOOP_ANALYSIS = YES;
				CLANG_WARN_STRICT_PROTOTYPES = YES;
				CLANG_WARN_SUSPICIOUS_MOVE = YES;
				CLANG_WARN_UNGUARDED_AVAILABILITY = YES_AGGRESSIVE;
				CLANG_WARN_UNREACHABLE_CODE = YES;
				CLANG_WARN__DUPLICATE_METHOD_MATCH = YES;
				COPY_PHASE_STRIP = NO;
				DEBUG_INFORMATION_FORMAT = dwarf;
				ENABLE_STRICT_OBJC_MSGSEND = YES;
				ENABLE_TESTABILITY = YES;
				GCC_C_LANGUAGE_STANDARD = gnu11;
				GCC_DYNAMIC_NO_PIC = NO;
				GCC_NO_COMMON_BLOCKS = YES;
				GCC_OPTIMIZATION_LEVEL = 0;
				GCC_PREPROCESSOR_DEFINITIONS = (
					"DEBUG=1",
					"$(inherited)",
				);
				GCC_WARN_64_TO_32_BIT_CONVERSION = YES;
				GCC_WARN_ABOUT_RETURN_TYPE = YES_ERROR;
				GCC_WARN_UNDECLARED_SELECTOR = YES;
				GCC_WARN_UNINITIALIZED_AUTOS = YES_AGGRESSIVE;
				GCC_WARN_UNUSED_FUNCTION = YES;
				GCC_WARN_UNUSED_VARIABLE = YES;
				IPHONEOS_DEPLOYMENT_TARGET = 14.5;
				MTL_ENABLE_DEBUG_INFO = INCLUDE_SOURCE;
				MTL_FAST_MATH = YES;
				ONLY_ACTIVE_ARCH = YES;
				SDKROOT = iphoneos;
				SWIFT_ACTIVE_COMPILATION_CONDITIONS = DEBUG;
				SWIFT_OPTIMIZATION_LEVEL = "-Onone";
			};
			name = Debug;
		};
		27EE84EE26D6226C00FDCFA9 /* Release */ = {
			isa = XCBuildConfiguration;
			buildSettings = {
				ALWAYS_SEARCH_USER_PATHS = NO;
				CLANG_ANALYZER_NONNULL = YES;
				CLANG_ANALYZER_NUMBER_OBJECT_CONVERSION = YES_AGGRESSIVE;
				CLANG_CXX_LANGUAGE_STANDARD = "gnu++14";
				CLANG_CXX_LIBRARY = "libc++";
				CLANG_ENABLE_MODULES = YES;
				CLANG_ENABLE_OBJC_ARC = YES;
				CLANG_ENABLE_OBJC_WEAK = YES;
				CLANG_WARN_BLOCK_CAPTURE_AUTORELEASING = YES;
				CLANG_WARN_BOOL_CONVERSION = YES;
				CLANG_WARN_COMMA = YES;
				CLANG_WARN_CONSTANT_CONVERSION = YES;
				CLANG_WARN_DEPRECATED_OBJC_IMPLEMENTATIONS = YES;
				CLANG_WARN_DIRECT_OBJC_ISA_USAGE = YES_ERROR;
				CLANG_WARN_DOCUMENTATION_COMMENTS = YES;
				CLANG_WARN_EMPTY_BODY = YES;
				CLANG_WARN_ENUM_CONVERSION = YES;
				CLANG_WARN_INFINITE_RECURSION = YES;
				CLANG_WARN_INT_CONVERSION = YES;
				CLANG_WARN_NON_LITERAL_NULL_CONVERSION = YES;
				CLANG_WARN_OBJC_IMPLICIT_RETAIN_SELF = YES;
				CLANG_WARN_OBJC_LITERAL_CONVERSION = YES;
				CLANG_WARN_OBJC_ROOT_CLASS = YES_ERROR;
				CLANG_WARN_QUOTED_INCLUDE_IN_FRAMEWORK_HEADER = YES;
				CLANG_WARN_RANGE_LOOP_ANALYSIS = YES;
				CLANG_WARN_STRICT_PROTOTYPES = YES;
				CLANG_WARN_SUSPICIOUS_MOVE = YES;
				CLANG_WARN_UNGUARDED_AVAILABILITY = YES_AGGRESSIVE;
				CLANG_WARN_UNREACHABLE_CODE = YES;
				CLANG_WARN__DUPLICATE_METHOD_MATCH = YES;
				COPY_PHASE_STRIP = NO;
				DEBUG_INFORMATION_FORMAT = "dwarf-with-dsym";
				ENABLE_NS_ASSERTIONS = NO;
				ENABLE_STRICT_OBJC_MSGSEND = YES;
				GCC_C_LANGUAGE_STANDARD = gnu11;
				GCC_NO_COMMON_BLOCKS = YES;
				GCC_WARN_64_TO_32_BIT_CONVERSION = YES;
				GCC_WARN_ABOUT_RETURN_TYPE = YES_ERROR;
				GCC_WARN_UNDECLARED_SELECTOR = YES;
				GCC_WARN_UNINITIALIZED_AUTOS = YES_AGGRESSIVE;
				GCC_WARN_UNUSED_FUNCTION = YES;
				GCC_WARN_UNUSED_VARIABLE = YES;
				IPHONEOS_DEPLOYMENT_TARGET = 14.5;
				MTL_ENABLE_DEBUG_INFO = NO;
				MTL_FAST_MATH = YES;
				SDKROOT = iphoneos;
				SWIFT_COMPILATION_MODE = wholemodule;
				SWIFT_OPTIMIZATION_LEVEL = "-O";
				VALIDATE_PRODUCT = YES;
			};
			name = Release;
		};
		27EE84F026D6226C00FDCFA9 /* Debug */ = {
			isa = XCBuildConfiguration;
			baseConfigurationReference = 43A319C8EFE1FE444626FA9C /* Pods-TestProject_WeatherApp.debug.xcconfig */;
			buildSettings = {
				ASSETCATALOG_COMPILER_APPICON_NAME = AppIcon;
				ASSETCATALOG_COMPILER_GLOBAL_ACCENT_COLOR_NAME = AccentColor;
				CODE_SIGN_STYLE = Automatic;
				DEVELOPMENT_TEAM = 7H2H2A7AQ9;
				INFOPLIST_FILE = TestProject_WeatherApp/Info.plist;
				IPHONEOS_DEPLOYMENT_TARGET = 13.0;
				LD_RUNPATH_SEARCH_PATHS = (
					"$(inherited)",
					"@executable_path/Frameworks",
				);
				PRODUCT_BUNDLE_IDENTIFIER = "com.ilchenkoma.TestProject-WeatherApp";
				PRODUCT_NAME = "$(TARGET_NAME)";
				SWIFT_VERSION = 5.0;
				TARGETED_DEVICE_FAMILY = "1,2";
			};
			name = Debug;
		};
		27EE84F126D6226C00FDCFA9 /* Release */ = {
			isa = XCBuildConfiguration;
			baseConfigurationReference = 57D82D01EA5CCD65C4024259 /* Pods-TestProject_WeatherApp.release.xcconfig */;
			buildSettings = {
				ASSETCATALOG_COMPILER_APPICON_NAME = AppIcon;
				ASSETCATALOG_COMPILER_GLOBAL_ACCENT_COLOR_NAME = AccentColor;
				CODE_SIGN_STYLE = Automatic;
				DEVELOPMENT_TEAM = 7H2H2A7AQ9;
				INFOPLIST_FILE = TestProject_WeatherApp/Info.plist;
				IPHONEOS_DEPLOYMENT_TARGET = 13.0;
				LD_RUNPATH_SEARCH_PATHS = (
					"$(inherited)",
					"@executable_path/Frameworks",
				);
				PRODUCT_BUNDLE_IDENTIFIER = "com.ilchenkoma.TestProject-WeatherApp";
				PRODUCT_NAME = "$(TARGET_NAME)";
				SWIFT_VERSION = 5.0;
				TARGETED_DEVICE_FAMILY = "1,2";
			};
			name = Release;
		};
/* End XCBuildConfiguration section */

/* Begin XCConfigurationList section */
		27EE84D626D6226B00FDCFA9 /* Build configuration list for PBXProject "TestProject_WeatherApp" */ = {
			isa = XCConfigurationList;
			buildConfigurations = (
				27EE84ED26D6226C00FDCFA9 /* Debug */,
				27EE84EE26D6226C00FDCFA9 /* Release */,
			);
			defaultConfigurationIsVisible = 0;
			defaultConfigurationName = Release;
		};
		27EE84EF26D6226C00FDCFA9 /* Build configuration list for PBXNativeTarget "TestProject_WeatherApp" */ = {
			isa = XCConfigurationList;
			buildConfigurations = (
				27EE84F026D6226C00FDCFA9 /* Debug */,
				27EE84F126D6226C00FDCFA9 /* Release */,
			);
			defaultConfigurationIsVisible = 0;
			defaultConfigurationName = Release;
		};
/* End XCConfigurationList section */
	};
	rootObject = 27EE84D326D6226B00FDCFA9 /* Project object */;
}
